
Microsoft Visual Studio Solution File, Format Version 10.00
# Visual Studio 2008
Project("{FAE04EC0-301F-11D3-BF4B-00C04F79EFBC}") = "BugTracker", "BugTracker\BugTracker.csproj", "{855FD910-5D2E-43E5-85FF-D5FBD83741D9}"
EndProject
Project("{FAE04EC0-301F-11D3-BF4B-00C04F79EFBC}") = "Listma", "..\..\Framework\Listma\Listma.csproj", "{8D6C3EE0-0853-4618-B7C1-6E8D94CCA175}"
EndProject
Global
	GlobalSection(SolutionConfigurationPlatforms) = preSolution
		Debug|Any CPU = Debug|Any CPU
		Release|Any CPU = Release|Any CPU
	EndGlobalSection
	GlobalSection(ProjectConfigurationPlatforms) = postSolution
		{855FD910-5D2E-43E5-85FF-D5FBD83741D9}.Debug|Any CPU.ActiveCfg = Debug|Any CPU
		{855FD910-5D2E-43E5-85FF-D5FBD83741D9}.Debug|Any CPU.Build.0 = Debug|Any CPU
		{855FD910-5D2E-43E5-85FF-D5FBD83741D9}.Release|Any CPU.ActiveCfg = Release|Any CPU
		{855FD910-5D2E-43E5-85FF-D5FBD83741D9}.Release|Any CPU.Build.0 = Release|Any CPU
		{8D6C3EE0-0853-4618-B7C1-6E8D94CCA175}.Debug|Any CPU.ActiveCfg = Debug|Any CPU
		{8D6C3EE0-0853-4618-B7C1-6E8D94CCA175}.Debug|Any CPU.Build.0 = Debug|Any CPU
		{8D6C3EE0-0853-4618-B7C1-6E8D94CCA175}.Release|Any CPU.ActiveCfg = Release|Any CPU
		{8D6C3EE0-0853-4618-B7C1-6E8D94CCA175}.Release|Any CPU.Build.0 = Release|Any CPU
	EndGlobalSection
	GlobalSection(SolutionProperties) = preSolution
		HideSolutionNode = FALSE
	EndGlobalSection
EndGlobal
